// !$*UTF8*$!
{
	archiveVersion = 1;
	classes = {
	};
	objectVersion = 46;
	objects = {

/* Begin PBXBuildFile section */
		8B04EEC0190614C500E43B21 /* Foundation.framework in Frameworks */ = {isa = PBXBuildFile; fileRef = 8B04EEBF190614C500E43B21 /* Foundation.framework */; };
		8B04EEC2190614C500E43B21 /* CoreGraphics.framework in Frameworks */ = {isa = PBXBuildFile; fileRef = 8B04EEC1190614C500E43B21 /* CoreGraphics.framework */; };
		8B04EEC4190614C500E43B21 /* UIKit.framework in Frameworks */ = {isa = PBXBuildFile; fileRef = 8B04EEC3190614C500E43B21 /* UIKit.framework */; };
		8B04EECA190614C500E43B21 /* InfoPlist.strings in Resources */ = {isa = PBXBuildFile; fileRef = 8B04EEC8190614C500E43B21 /* InfoPlist.strings */; };
		8B04EECC190614C500E43B21 /* main.m in Sources */ = {isa = PBXBuildFile; fileRef = 8B04EECB190614C500E43B21 /* main.m */; };
		8B04EED0190614C500E43B21 /* YTAppDelegate.m in Sources */ = {isa = PBXBuildFile; fileRef = 8B04EECF190614C500E43B21 /* YTAppDelegate.m */; };
		8B04EED9190614C500E43B21 /* YTProfilerViewController.m in Sources */ = {isa = PBXBuildFile; fileRef = 8B04EED8190614C500E43B21 /* YTProfilerViewController.m */; };
		8B04EEDB190614C500E43B21 /* Images.xcassets in Resources */ = {isa = PBXBuildFile; fileRef = 8B04EEDA190614C500E43B21 /* Images.xcassets */; };
		8B04EEE2190614C500E43B21 /* XCTest.framework in Frameworks */ = {isa = PBXBuildFile; fileRef = 8B04EEE1190614C500E43B21 /* XCTest.framework */; };
		8B04EEE3190614C500E43B21 /* Foundation.framework in Frameworks */ = {isa = PBXBuildFile; fileRef = 8B04EEBF190614C500E43B21 /* Foundation.framework */; };
		8B04EEE4190614C500E43B21 /* UIKit.framework in Frameworks */ = {isa = PBXBuildFile; fileRef = 8B04EEC3190614C500E43B21 /* UIKit.framework */; };
		8B04EEEC190614C500E43B21 /* InfoPlist.strings in Resources */ = {isa = PBXBuildFile; fileRef = 8B04EEEA190614C500E43B21 /* InfoPlist.strings */; };
		8B04EEEE190614C500E43B21 /* MostFrequentCharacterDemoTests.m in Sources */ = {isa = PBXBuildFile; fileRef = 8B04EEED190614C500E43B21 /* MostFrequentCharacterDemoTests.m */; };
		8B04EEF8190615F400E43B21 /* YTViewControllerIPhone.xib in Resources */ = {isa = PBXBuildFile; fileRef = 8B04EEF7190615F400E43B21 /* YTViewControllerIPhone.xib */; };
		8B04EF011906185900E43B21 /* YTViewControllerIPad.xib in Resources */ = {isa = PBXBuildFile; fileRef = 8B04EF001906185900E43B21 /* YTViewControllerIPad.xib */; };
		8B04EF0319061A1700E43B21 /* libMostFrequentCharacter.a in Frameworks */ = {isa = PBXBuildFile; fileRef = 8B04EF0219061A1700E43B21 /* libMostFrequentCharacter.a */; };
		8B0EAFBB190991ED00787FF4 /* YTOperationsProvider.m in Sources */ = {isa = PBXBuildFile; fileRef = 8B0EAFBA190991ED00787FF4 /* YTOperationsProvider.m */; };
		8B3AF04B1906244D008584A3 /* WindowIPhone.xib in Resources */ = {isa = PBXBuildFile; fileRef = 8B3AF04A1906244D008584A3 /* WindowIPhone.xib */; };
		8B425B451907DED4003679CE /* RealTimePlot.m in Sources */ = {isa = PBXBuildFile; fileRef = 8B425B441907DED4003679CE /* RealTimePlot.m */; };
		8B425B5E190804EE003679CE /* YTMFCOptmThrdCountOperation.m in Sources */ = {isa = PBXBuildFile; fileRef = 8B425B5D190804EE003679CE /* YTMFCOptmThrdCountOperation.m */; };
		8B425B63190819D8003679CE /* WindowIPad.xib in Resources */ = {isa = PBXBuildFile; fileRef = 8B425B62190819D8003679CE /* WindowIPad.xib */; };
		8B425B6819082E40003679CE /* YTMFCOperation.m in Sources */ = {isa = PBXBuildFile; fileRef = 8B425B6719082E40003679CE /* YTMFCOperation.m */; };
		8B425B6E19083FCA003679CE /* YTMFCTimeOperation.m in Sources */ = {isa = PBXBuildFile; fileRef = 8B425B6D19083FCA003679CE /* YTMFCTimeOperation.m */; };
		8B99F70719063DB0002AF5FE /* PlotItem.m in Sources */ = {isa = PBXBuildFile; fileRef = 8B99F70419063DB0002AF5FE /* PlotItem.m */; };
		8B99F70A19063EDE002AF5FE /* CorePlotLicense in Resources */ = {isa = PBXBuildFile; fileRef = 8B99F70919063EDE002AF5FE /* CorePlotLicense */; };
		D827492A422D4284B4EB1105 /* libPods.a in Frameworks */ = {isa = PBXBuildFile; fileRef = 4A16E917F6EB4A6984F941DF /* libPods.a */; };
/* End PBXBuildFile section */

/* Begin PBXContainerItemProxy section */
		8B04EEE5190614C500E43B21 /* PBXContainerItemProxy */ = {
			isa = PBXContainerItemProxy;
			containerPortal = 8B04EEB4190614C500E43B21 /* Project object */;
			proxyType = 1;
			remoteGlobalIDString = 8B04EEBB190614C500E43B21;
			remoteInfo = MostFrequentCharacterDemo;
		};
/* End PBXContainerItemProxy section */

/* Begin PBXFileReference section */
		4A16E917F6EB4A6984F941DF /* libPods.a */ = {isa = PBXFileReference; explicitFileType = archive.ar; includeInIndex = 0; path = libPods.a; sourceTree = BUILT_PRODUCTS_DIR; };
		52753F9BD37C487FB01ED33D /* Pods.xcconfig */ = {isa = PBXFileReference; includeInIndex = 1; lastKnownFileType = text.xcconfig; name = Pods.xcconfig; path = Pods/Pods.xcconfig; sourceTree = "<group>"; };
		8B04EEBC190614C500E43B21 /* MostFrequentCharacterDemo.app */ = {isa = PBXFileReference; explicitFileType = wrapper.application; includeInIndex = 0; path = MostFrequentCharacterDemo.app; sourceTree = BUILT_PRODUCTS_DIR; };
		8B04EEBF190614C500E43B21 /* Foundation.framework */ = {isa = PBXFileReference; lastKnownFileType = wrapper.framework; name = Foundation.framework; path = System/Library/Frameworks/Foundation.framework; sourceTree = SDKROOT; };
		8B04EEC1190614C500E43B21 /* CoreGraphics.framework */ = {isa = PBXFileReference; lastKnownFileType = wrapper.framework; name = CoreGraphics.framework; path = System/Library/Frameworks/CoreGraphics.framework; sourceTree = SDKROOT; };
		8B04EEC3190614C500E43B21 /* UIKit.framework */ = {isa = PBXFileReference; lastKnownFileType = wrapper.framework; name = UIKit.framework; path = System/Library/Frameworks/UIKit.framework; sourceTree = SDKROOT; };
		8B04EEC7190614C500E43B21 /* MostFrequentCharacterDemo-Info.plist */ = {isa = PBXFileReference; lastKnownFileType = text.plist.xml; path = "MostFrequentCharacterDemo-Info.plist"; sourceTree = "<group>"; };
		8B04EEC9190614C500E43B21 /* en */ = {isa = PBXFileReference; lastKnownFileType = text.plist.strings; name = en; path = en.lproj/InfoPlist.strings; sourceTree = "<group>"; };
		8B04EECB190614C500E43B21 /* main.m */ = {isa = PBXFileReference; lastKnownFileType = sourcecode.c.objc; path = main.m; sourceTree = "<group>"; };
		8B04EECD190614C500E43B21 /* MostFrequentCharacterDemo-Prefix.pch */ = {isa = PBXFileReference; lastKnownFileType = sourcecode.c.h; path = "MostFrequentCharacterDemo-Prefix.pch"; sourceTree = "<group>"; };
		8B04EECE190614C500E43B21 /* YTAppDelegate.h */ = {isa = PBXFileReference; lastKnownFileType = sourcecode.c.h; path = YTAppDelegate.h; sourceTree = "<group>"; };
		8B04EECF190614C500E43B21 /* YTAppDelegate.m */ = {isa = PBXFileReference; lastKnownFileType = sourcecode.c.objc; path = YTAppDelegate.m; sourceTree = "<group>"; };
		8B04EED7190614C500E43B21 /* YTProfilerViewController.h */ = {isa = PBXFileReference; lastKnownFileType = sourcecode.c.h; path = YTProfilerViewController.h; sourceTree = "<group>"; };
		8B04EED8190614C500E43B21 /* YTProfilerViewController.m */ = {isa = PBXFileReference; lastKnownFileType = sourcecode.c.objc; path = YTProfilerViewController.m; sourceTree = "<group>"; };
		8B04EEDA190614C500E43B21 /* Images.xcassets */ = {isa = PBXFileReference; lastKnownFileType = folder.assetcatalog; path = Images.xcassets; sourceTree = "<group>"; };
		8B04EEE0190614C500E43B21 /* MostFrequentCharacterDemoTests.xctest */ = {isa = PBXFileReference; explicitFileType = wrapper.cfbundle; includeInIndex = 0; path = MostFrequentCharacterDemoTests.xctest; sourceTree = BUILT_PRODUCTS_DIR; };
		8B04EEE1190614C500E43B21 /* XCTest.framework */ = {isa = PBXFileReference; lastKnownFileType = wrapper.framework; name = XCTest.framework; path = Library/Frameworks/XCTest.framework; sourceTree = DEVELOPER_DIR; };
		8B04EEE9190614C500E43B21 /* MostFrequentCharacterDemoTests-Info.plist */ = {isa = PBXFileReference; lastKnownFileType = text.plist.xml; path = "MostFrequentCharacterDemoTests-Info.plist"; sourceTree = "<group>"; };
		8B04EEEB190614C500E43B21 /* en */ = {isa = PBXFileReference; lastKnownFileType = text.plist.strings; name = en; path = en.lproj/InfoPlist.strings; sourceTree = "<group>"; };
		8B04EEED190614C500E43B21 /* MostFrequentCharacterDemoTests.m */ = {isa = PBXFileReference; lastKnownFileType = sourcecode.c.objc; path = MostFrequentCharacterDemoTests.m; sourceTree = "<group>"; };
		8B04EEF7190615F400E43B21 /* YTViewControllerIPhone.xib */ = {isa = PBXFileReference; fileEncoding = 4; lastKnownFileType = file.xib; path = YTViewControllerIPhone.xib; sourceTree = "<group>"; };
		8B04EF001906185900E43B21 /* YTViewControllerIPad.xib */ = {isa = PBXFileReference; fileEncoding = 4; lastKnownFileType = file.xib; path = YTViewControllerIPad.xib; sourceTree = "<group>"; };
		8B04EF0219061A1700E43B21 /* libMostFrequentCharacter.a */ = {isa = PBXFileReference; lastKnownFileType = archive.ar; name = libMostFrequentCharacter.a; path = "../build/Release-iphoneos/libMostFrequentCharacter.a"; sourceTree = "<group>"; };
		8B0EAFB9190991ED00787FF4 /* YTOperationsProvider.h */ = {isa = PBXFileReference; fileEncoding = 4; lastKnownFileType = sourcecode.c.h; path = YTOperationsProvider.h; sourceTree = "<group>"; };
		8B0EAFBA190991ED00787FF4 /* YTOperationsProvider.m */ = {isa = PBXFileReference; fileEncoding = 4; lastKnownFileType = sourcecode.c.objc; path = YTOperationsProvider.m; sourceTree = "<group>"; };
		8B3AF04A1906244D008584A3 /* WindowIPhone.xib */ = {isa = PBXFileReference; fileEncoding = 4; lastKnownFileType = file.xib; path = WindowIPhone.xib; sourceTree = "<group>"; };
		8B425B431907DED4003679CE /* RealTimePlot.h */ = {isa = PBXFileReference; fileEncoding = 4; lastKnownFileType = sourcecode.c.h; path = RealTimePlot.h; sourceTree = "<group>"; };
		8B425B441907DED4003679CE /* RealTimePlot.m */ = {isa = PBXFileReference; fileEncoding = 4; lastKnownFileType = sourcecode.c.objc; path = RealTimePlot.m; sourceTree = "<group>"; };
		8B425B5C190804EE003679CE /* YTMFCOptmThrdCountOperation.h */ = {isa = PBXFileReference; fileEncoding = 4; lastKnownFileType = sourcecode.c.h; path = YTMFCOptmThrdCountOperation.h; sourceTree = "<group>"; };
		8B425B5D190804EE003679CE /* YTMFCOptmThrdCountOperation.m */ = {isa = PBXFileReference; fileEncoding = 4; lastKnownFileType = sourcecode.c.objc; path = YTMFCOptmThrdCountOperation.m; sourceTree = "<group>"; };
		8B425B5F1908055C003679CE /* YTProfileOperation.h */ = {isa = PBXFileReference; lastKnownFileType = sourcecode.c.h; path = YTProfileOperation.h; sourceTree = "<group>"; };
		8B425B62190819D8003679CE /* WindowIPad.xib */ = {isa = PBXFileReference; fileEncoding = 4; lastKnownFileType = file.xib; path = WindowIPad.xib; sourceTree = "<group>"; };
		8B425B6419082BC9003679CE /* QuartzCore.framework */ = {isa = PBXFileReference; lastKnownFileType = wrapper.framework; name = QuartzCore.framework; path = System/Library/Frameworks/QuartzCore.framework; sourceTree = SDKROOT; };
		8B425B6619082E40003679CE /* YTMFCOperation.h */ = {isa = PBXFileReference; fileEncoding = 4; lastKnownFileType = sourcecode.c.h; path = YTMFCOperation.h; sourceTree = "<group>"; };
		8B425B6719082E40003679CE /* YTMFCOperation.m */ = {isa = PBXFileReference; fileEncoding = 4; lastKnownFileType = sourcecode.c.objc; path = YTMFCOperation.m; sourceTree = "<group>"; };
		8B425B6C19083FCA003679CE /* YTMFCTimeOperation.h */ = {isa = PBXFileReference; fileEncoding = 4; lastKnownFileType = sourcecode.c.h; path = YTMFCTimeOperation.h; sourceTree = "<group>"; };
		8B425B6D19083FCA003679CE /* YTMFCTimeOperation.m */ = {isa = PBXFileReference; fileEncoding = 4; lastKnownFileType = sourcecode.c.objc; path = YTMFCTimeOperation.m; sourceTree = "<group>"; };
		8B6F17AF19096199004B138D /* libPods-CorePlot.a */ = {isa = PBXFileReference; lastKnownFileType = archive.ar; name = "libPods-CorePlot.a"; path = "Pods/build/Release-iphoneos/libPods-CorePlot.a"; sourceTree = "<group>"; };
		8B99F70319063DB0002AF5FE /* PlotItem.h */ = {isa = PBXFileReference; fileEncoding = 4; lastKnownFileType = sourcecode.c.h; path = PlotItem.h; sourceTree = "<group>"; };
		8B99F70419063DB0002AF5FE /* PlotItem.m */ = {isa = PBXFileReference; fileEncoding = 4; lastKnownFileType = sourcecode.c.objc; path = PlotItem.m; sourceTree = "<group>"; };
		8B99F70919063EDE002AF5FE /* CorePlotLicense */ = {isa = PBXFileReference; fileEncoding = 4; lastKnownFileType = text; path = CorePlotLicense; sourceTree = "<group>"; };
/* End PBXFileReference section */

/* Begin PBXFrameworksBuildPhase section */
		8B04EEB9190614C500E43B21 /* Frameworks */ = {
			isa = PBXFrameworksBuildPhase;
			buildActionMask = 2147483647;
			files = (
				8B04EF0319061A1700E43B21 /* libMostFrequentCharacter.a in Frameworks */,
				8B04EEC2190614C500E43B21 /* CoreGraphics.framework in Frameworks */,
				8B04EEC4190614C500E43B21 /* UIKit.framework in Frameworks */,
				8B04EEC0190614C500E43B21 /* Foundation.framework in Frameworks */,
				D827492A422D4284B4EB1105 /* libPods.a in Frameworks */,
			);
			runOnlyForDeploymentPostprocessing = 0;
		};
		8B04EEDD190614C500E43B21 /* Frameworks */ = {
			isa = PBXFrameworksBuildPhase;
			buildActionMask = 2147483647;
			files = (
				8B04EEE2190614C500E43B21 /* XCTest.framework in Frameworks */,
				8B04EEE4190614C500E43B21 /* UIKit.framework in Frameworks */,
				8B04EEE3190614C500E43B21 /* Foundation.framework in Frameworks */,
			);
			runOnlyForDeploymentPostprocessing = 0;
		};
/* End PBXFrameworksBuildPhase section */

/* Begin PBXGroup section */
		8B04EEB3190614C500E43B21 = {
			isa = PBXGroup;
			children = (
				8B04EEC5190614C500E43B21 /* MostFrequentCharacterDemo */,
				8B04EEE7190614C500E43B21 /* MostFrequentCharacterDemoTests */,
				8B04EEBE190614C500E43B21 /* Frameworks */,
				8B04EEBD190614C500E43B21 /* Products */,
				52753F9BD37C487FB01ED33D /* Pods.xcconfig */,
			);
			sourceTree = "<group>";
		};
		8B04EEBD190614C500E43B21 /* Products */ = {
			isa = PBXGroup;
			children = (
				8B04EEBC190614C500E43B21 /* MostFrequentCharacterDemo.app */,
				8B04EEE0190614C500E43B21 /* MostFrequentCharacterDemoTests.xctest */,
			);
			name = Products;
			sourceTree = "<group>";
		};
		8B04EEBE190614C500E43B21 /* Frameworks */ = {
			isa = PBXGroup;
			children = (
				8B6F17AF19096199004B138D /* libPods-CorePlot.a */,
				8B425B6419082BC9003679CE /* QuartzCore.framework */,
				8B04EF0219061A1700E43B21 /* libMostFrequentCharacter.a */,
				8B04EEBF190614C500E43B21 /* Foundation.framework */,
				8B04EEC1190614C500E43B21 /* CoreGraphics.framework */,
				8B04EEC3190614C500E43B21 /* UIKit.framework */,
				8B04EEE1190614C500E43B21 /* XCTest.framework */,
				4A16E917F6EB4A6984F941DF /* libPods.a */,
			);
			name = Frameworks;
			sourceTree = "<group>";
		};
		8B04EEC5190614C500E43B21 /* MostFrequentCharacterDemo */ = {
			isa = PBXGroup;
			children = (
				8B425B5B1908043A003679CE /* Operations */,
				8B99F70219063D94002AF5FE /* Plot */,
				8B04EEF9190615FC00E43B21 /* Nibs */,
				8B04EECE190614C500E43B21 /* YTAppDelegate.h */,
				8B04EECF190614C500E43B21 /* YTAppDelegate.m */,
				8B04EED7190614C500E43B21 /* YTProfilerViewController.h */,
				8B04EED8190614C500E43B21 /* YTProfilerViewController.m */,
				8B04EEDA190614C500E43B21 /* Images.xcassets */,
				8B04EEC6190614C500E43B21 /* Supporting Files */,
			);
			path = MostFrequentCharacterDemo;
			sourceTree = "<group>";
		};
		8B04EEC6190614C500E43B21 /* Supporting Files */ = {
			isa = PBXGroup;
			children = (
				8B425B62190819D8003679CE /* WindowIPad.xib */,
				8B04EEC7190614C500E43B21 /* MostFrequentCharacterDemo-Info.plist */,
				8B04EEC8190614C500E43B21 /* InfoPlist.strings */,
				8B04EECB190614C500E43B21 /* main.m */,
				8B04EECD190614C500E43B21 /* MostFrequentCharacterDemo-Prefix.pch */,
				8B3AF04A1906244D008584A3 /* WindowIPhone.xib */,
			);
			name = "Supporting Files";
			sourceTree = "<group>";
		};
		8B04EEE7190614C500E43B21 /* MostFrequentCharacterDemoTests */ = {
			isa = PBXGroup;
			children = (
				8B04EEED190614C500E43B21 /* MostFrequentCharacterDemoTests.m */,
				8B04EEE8190614C500E43B21 /* Supporting Files */,
			);
			path = MostFrequentCharacterDemoTests;
			sourceTree = "<group>";
		};
		8B04EEE8190614C500E43B21 /* Supporting Files */ = {
			isa = PBXGroup;
			children = (
				8B04EEE9190614C500E43B21 /* MostFrequentCharacterDemoTests-Info.plist */,
				8B04EEEA190614C500E43B21 /* InfoPlist.strings */,
			);
			name = "Supporting Files";
			sourceTree = "<group>";
		};
		8B04EEF9190615FC00E43B21 /* Nibs */ = {
			isa = PBXGroup;
			children = (
				8B04EEF7190615F400E43B21 /* YTViewControllerIPhone.xib */,
				8B04EF001906185900E43B21 /* YTViewControllerIPad.xib */,
			);
			name = Nibs;
			sourceTree = "<group>";
		};
		8B425B5B1908043A003679CE /* Operations */ = {
			isa = PBXGroup;
			children = (
				8B425B5F1908055C003679CE /* YTProfileOperation.h */,
				8B0EAFB9190991ED00787FF4 /* YTOperationsProvider.h */,
				8B0EAFBA190991ED00787FF4 /* YTOperationsProvider.m */,
				8B425B6B19083D23003679CE /* MostFrequentCharacter */,
			);
			name = Operations;
			sourceTree = "<group>";
		};
		8B425B6919082E45003679CE /* MFCOptimalThreadCount */ = {
			isa = PBXGroup;
			children = (
				8B425B5C190804EE003679CE /* YTMFCOptmThrdCountOperation.h */,
				8B425B5D190804EE003679CE /* YTMFCOptmThrdCountOperation.m */,
			);
			name = MFCOptimalThreadCount;
			sourceTree = "<group>";
		};
		8B425B6A19082E53003679CE /* MFCTime */ = {
			isa = PBXGroup;
			children = (
				8B425B6C19083FCA003679CE /* YTMFCTimeOperation.h */,
				8B425B6D19083FCA003679CE /* YTMFCTimeOperation.m */,
			);
			name = MFCTime;
			sourceTree = "<group>";
		};
		8B425B6B19083D23003679CE /* MostFrequentCharacter */ = {
			isa = PBXGroup;
			children = (
				8B425B6619082E40003679CE /* YTMFCOperation.h */,
				8B425B6719082E40003679CE /* YTMFCOperation.m */,
				8B425B6919082E45003679CE /* MFCOptimalThreadCount */,
				8B425B6A19082E53003679CE /* MFCTime */,
			);
			name = MostFrequentCharacter;
			sourceTree = "<group>";
		};
		8B99F70219063D94002AF5FE /* Plot */ = {
			isa = PBXGroup;
			children = (
				8B99F70319063DB0002AF5FE /* PlotItem.h */,
				8B99F70419063DB0002AF5FE /* PlotItem.m */,
				8B425B431907DED4003679CE /* RealTimePlot.h */,
				8B425B441907DED4003679CE /* RealTimePlot.m */,
				8B99F70919063EDE002AF5FE /* CorePlotLicense */,
			);
			name = Plot;
			sourceTree = "<group>";
		};
/* End PBXGroup section */

/* Begin PBXNativeTarget section */
		8B04EEBB190614C500E43B21 /* MostFrequentCharacterDemo */ = {
			isa = PBXNativeTarget;
			buildConfigurationList = 8B04EEF1190614C500E43B21 /* Build configuration list for PBXNativeTarget "MostFrequentCharacterDemo" */;
			buildPhases = (
				C75AA2C957E04012A8B6B8A2 /* Check Pods Manifest.lock */,
				8B04EEB8190614C500E43B21 /* Sources */,
				8B04EEB9190614C500E43B21 /* Frameworks */,
				8B04EEBA190614C500E43B21 /* Resources */,
				DDE209A1C934490980E38634 /* Copy Pods Resources */,
			);
			buildRules = (
			);
			dependencies = (
			);
			name = MostFrequentCharacterDemo;
			productName = MostFrequentCharacterDemo;
			productReference = 8B04EEBC190614C500E43B21 /* MostFrequentCharacterDemo.app */;
			productType = "com.apple.product-type.application";
		};
		8B04EEDF190614C500E43B21 /* MostFrequentCharacterDemoTests */ = {
			isa = PBXNativeTarget;
			buildConfigurationList = 8B04EEF4190614C500E43B21 /* Build configuration list for PBXNativeTarget "MostFrequentCharacterDemoTests" */;
			buildPhases = (
				8B04EEDC190614C500E43B21 /* Sources */,
				8B04EEDD190614C500E43B21 /* Frameworks */,
				8B04EEDE190614C500E43B21 /* Resources */,
			);
			buildRules = (
			);
			dependencies = (
				8B04EEE6190614C500E43B21 /* PBXTargetDependency */,
			);
			name = MostFrequentCharacterDemoTests;
			productName = MostFrequentCharacterDemoTests;
			productReference = 8B04EEE0190614C500E43B21 /* MostFrequentCharacterDemoTests.xctest */;
			productType = "com.apple.product-type.bundle.unit-test";
		};
/* End PBXNativeTarget section */

/* Begin PBXProject section */
		8B04EEB4190614C500E43B21 /* Project object */ = {
			isa = PBXProject;
			attributes = {
				CLASSPREFIX = YT;
				LastUpgradeCheck = 0510;
				ORGANIZATIONNAME = "Rinat Enikeev";
				TargetAttributes = {
					8B04EEBB190614C500E43B21 = {
						DevelopmentTeam = 5V5EUT3ZXJ;
					};
					8B04EEDF190614C500E43B21 = {
						TestTargetID = 8B04EEBB190614C500E43B21;
					};
				};
			};
			buildConfigurationList = 8B04EEB7190614C500E43B21 /* Build configuration list for PBXProject "MostFrequentCharacterDemo" */;
			compatibilityVersion = "Xcode 3.2";
			developmentRegion = English;
			hasScannedForEncodings = 0;
			knownRegions = (
				en,
				Base,
			);
			mainGroup = 8B04EEB3190614C500E43B21;
			productRefGroup = 8B04EEBD190614C500E43B21 /* Products */;
			projectDirPath = "";
			projectRoot = "";
			targets = (
				8B04EEBB190614C500E43B21 /* MostFrequentCharacterDemo */,
				8B04EEDF190614C500E43B21 /* MostFrequentCharacterDemoTests */,
			);
		};
/* End PBXProject section */

/* Begin PBXResourcesBuildPhase section */
		8B04EEBA190614C500E43B21 /* Resources */ = {
			isa = PBXResourcesBuildPhase;
			buildActionMask = 2147483647;
			files = (
				8B04EF011906185900E43B21 /* YTViewControllerIPad.xib in Resources */,
				8B04EEDB190614C500E43B21 /* Images.xcassets in Resources */,
				8B04EEF8190615F400E43B21 /* YTViewControllerIPhone.xib in Resources */,
				8B04EECA190614C500E43B21 /* InfoPlist.strings in Resources */,
				8B3AF04B1906244D008584A3 /* WindowIPhone.xib in Resources */,
				8B99F70A19063EDE002AF5FE /* CorePlotLicense in Resources */,
				8B425B63190819D8003679CE /* WindowIPad.xib in Resources */,
			);
			runOnlyForDeploymentPostprocessing = 0;
		};
		8B04EEDE190614C500E43B21 /* Resources */ = {
			isa = PBXResourcesBuildPhase;
			buildActionMask = 2147483647;
			files = (
				8B04EEEC190614C500E43B21 /* InfoPlist.strings in Resources */,
			);
			runOnlyForDeploymentPostprocessing = 0;
		};
/* End PBXResourcesBuildPhase section */

/* Begin PBXShellScriptBuildPhase section */
		C75AA2C957E04012A8B6B8A2 /* Check Pods Manifest.lock */ = {
			isa = PBXShellScriptBuildPhase;
			buildActionMask = 2147483647;
			files = (
			);
			inputPaths = (
			);
			name = "Check Pods Manifest.lock";
			outputPaths = (
			);
			runOnlyForDeploymentPostprocessing = 0;
			shellPath = /bin/sh;
			shellScript = "diff \"${PODS_ROOT}/../Podfile.lock\" \"${PODS_ROOT}/Manifest.lock\" > /dev/null\nif [[ $? != 0 ]] ; then\n    cat << EOM\nerror: The sandbox is not in sync with the Podfile.lock. Run 'pod install' or update your CocoaPods installation.\nEOM\n    exit 1\nfi\n";
			showEnvVarsInLog = 0;
		};
		DDE209A1C934490980E38634 /* Copy Pods Resources */ = {
			isa = PBXShellScriptBuildPhase;
			buildActionMask = 2147483647;
			files = (
			);
			inputPaths = (
			);
			name = "Copy Pods Resources";
			outputPaths = (
			);
			runOnlyForDeploymentPostprocessing = 0;
			shellPath = /bin/sh;
			shellScript = "\"${SRCROOT}/Pods/Pods-resources.sh\"\n";
			showEnvVarsInLog = 0;
		};
/* End PBXShellScriptBuildPhase section */

/* Begin PBXSourcesBuildPhase section */
		8B04EEB8190614C500E43B21 /* Sources */ = {
			isa = PBXSourcesBuildPhase;
			buildActionMask = 2147483647;
			files = (
				8B425B6E19083FCA003679CE /* YTMFCTimeOperation.m in Sources */,
				8B04EED9190614C500E43B21 /* YTProfilerViewController.m in Sources */,
				8B04EECC190614C500E43B21 /* main.m in Sources */,
				8B0EAFBB190991ED00787FF4 /* YTOperationsProvider.m in Sources */,
				8B04EED0190614C500E43B21 /* YTAppDelegate.m in Sources */,
				8B99F70719063DB0002AF5FE /* PlotItem.m in Sources */,
				8B425B6819082E40003679CE /* YTMFCOperation.m in Sources */,
				8B425B451907DED4003679CE /* RealTimePlot.m in Sources */,
				8B425B5E190804EE003679CE /* YTMFCOptmThrdCountOperation.m in Sources */,
			);
			runOnlyForDeploymentPostprocessing = 0;
		};
		8B04EEDC190614C500E43B21 /* Sources */ = {
			isa = PBXSourcesBuildPhase;
			buildActionMask = 2147483647;
			files = (
				8B04EEEE190614C500E43B21 /* MostFrequentCharacterDemoTests.m in Sources */,
			);
			runOnlyForDeploymentPostprocessing = 0;
		};
/* End PBXSourcesBuildPhase section */

/* Begin PBXTargetDependency section */
		8B04EEE6190614C500E43B21 /* PBXTargetDependency */ = {
			isa = PBXTargetDependency;
			target = 8B04EEBB190614C500E43B21 /* MostFrequentCharacterDemo */;
			targetProxy = 8B04EEE5190614C500E43B21 /* PBXContainerItemProxy */;
		};
/* End PBXTargetDependency section */

/* Begin PBXVariantGroup section */
		8B04EEC8190614C500E43B21 /* InfoPlist.strings */ = {
			isa = PBXVariantGroup;
			children = (
				8B04EEC9190614C500E43B21 /* en */,
			);
			name = InfoPlist.strings;
			sourceTree = "<group>";
		};
		8B04EEEA190614C500E43B21 /* InfoPlist.strings */ = {
			isa = PBXVariantGroup;
			children = (
				8B04EEEB190614C500E43B21 /* en */,
			);
			name = InfoPlist.strings;
			sourceTree = "<group>";
		};
/* End PBXVariantGroup section */

/* Begin XCBuildConfiguration section */
		8B04EEEF190614C500E43B21 /* Debug */ = {
			isa = XCBuildConfiguration;
			buildSettings = {
				ALWAYS_SEARCH_USER_PATHS = NO;
				CLANG_CXX_LANGUAGE_STANDARD = "gnu++0x";
				CLANG_CXX_LIBRARY = "libc++";
				CLANG_ENABLE_MODULES = YES;
				CLANG_ENABLE_OBJC_ARC = YES;
				CLANG_WARN_BOOL_CONVERSION = YES;
				CLANG_WARN_CONSTANT_CONVERSION = YES;
				CLANG_WARN_DIRECT_OBJC_ISA_USAGE = YES_ERROR;
				CLANG_WARN_EMPTY_BODY = YES;
				CLANG_WARN_ENUM_CONVERSION = YES;
				CLANG_WARN_INT_CONVERSION = YES;
				CLANG_WARN_OBJC_ROOT_CLASS = YES_ERROR;
				CLANG_WARN__DUPLICATE_METHOD_MATCH = YES;
				"CODE_SIGN_IDENTITY[sdk=iphoneos*]" = "iPhone Developer";
				COPY_PHASE_STRIP = NO;
				GCC_C_LANGUAGE_STANDARD = gnu99;
				GCC_DYNAMIC_NO_PIC = NO;
				GCC_OPTIMIZATION_LEVEL = 0;
				GCC_PREPROCESSOR_DEFINITIONS = (
					"DEBUG=1",
					"$(inherited)",
				);
				GCC_SYMBOLS_PRIVATE_EXTERN = NO;
				GCC_WARN_64_TO_32_BIT_CONVERSION = YES;
				GCC_WARN_ABOUT_RETURN_TYPE = YES_ERROR;
				GCC_WARN_UNDECLARED_SELECTOR = YES;
				GCC_WARN_UNINITIALIZED_AUTOS = YES_AGGRESSIVE;
				GCC_WARN_UNUSED_FUNCTION = YES;
				GCC_WARN_UNUSED_VARIABLE = YES;
				IPHONEOS_DEPLOYMENT_TARGET = 7.1;
				ONLY_ACTIVE_ARCH = YES;
				SDKROOT = iphoneos;
				TARGETED_DEVICE_FAMILY = "1,2";
			};
			name = Debug;
		};
		8B04EEF0190614C500E43B21 /* Release */ = {
			isa = XCBuildConfiguration;
			buildSettings = {
				ALWAYS_SEARCH_USER_PATHS = NO;
				CLANG_CXX_LANGUAGE_STANDARD = "gnu++0x";
				CLANG_CXX_LIBRARY = "libc++";
				CLANG_ENABLE_MODULES = YES;
				CLANG_ENABLE_OBJC_ARC = YES;
				CLANG_WARN_BOOL_CONVERSION = YES;
				CLANG_WARN_CONSTANT_CONVERSION = YES;
				CLANG_WARN_DIRECT_OBJC_ISA_USAGE = YES_ERROR;
				CLANG_WARN_EMPTY_BODY = YES;
				CLANG_WARN_ENUM_CONVERSION = YES;
				CLANG_WARN_INT_CONVERSION = YES;
				CLANG_WARN_OBJC_ROOT_CLASS = YES_ERROR;
				CLANG_WARN__DUPLICATE_METHOD_MATCH = YES;
				"CODE_SIGN_IDENTITY[sdk=iphoneos*]" = "iPhone Developer";
				COPY_PHASE_STRIP = YES;
				ENABLE_NS_ASSERTIONS = NO;
				GCC_C_LANGUAGE_STANDARD = gnu99;
				GCC_WARN_64_TO_32_BIT_CONVERSION = YES;
				GCC_WARN_ABOUT_RETURN_TYPE = YES_ERROR;
				GCC_WARN_UNDECLARED_SELECTOR = YES;
				GCC_WARN_UNINITIALIZED_AUTOS = YES_AGGRESSIVE;
				GCC_WARN_UNUSED_FUNCTION = YES;
				GCC_WARN_UNUSED_VARIABLE = YES;
				IPHONEOS_DEPLOYMENT_TARGET = 7.1;
				SDKROOT = iphoneos;
				TARGETED_DEVICE_FAMILY = "1,2";
				VALIDATE_PRODUCT = YES;
			};
			name = Release;
		};
		8B04EEF2190614C500E43B21 /* Debug */ = {
			isa = XCBuildConfiguration;
			baseConfigurationReference = 52753F9BD37C487FB01ED33D /* Pods.xcconfig */;
			buildSettings = {
				ARCHS = (
					armv7s,
					armv7,
				);
				ASSETCATALOG_COMPILER_APPICON_NAME = AppIcon;
				ASSETCATALOG_COMPILER_LAUNCHIMAGE_NAME = LaunchImage;
				CODE_SIGN_IDENTITY = "iPhone Developer";
				GCC_PRECOMPILE_PREFIX_HEADER = YES;
				GCC_PREFIX_HEADER = "MostFrequentCharacterDemo/MostFrequentCharacterDemo-Prefix.pch";
				HEADER_SEARCH_PATHS = (
					"$(inherited)",
					/Applications/Xcode.app/Contents/Developer/Toolchains/XcodeDefault.xctoolchain/usr/include,
					../,
				);
				INFOPLIST_FILE = "MostFrequentCharacterDemo/MostFrequentCharacterDemo-Info.plist";
				IPHONEOS_DEPLOYMENT_TARGET = 5.1;
				LIBRARY_SEARCH_PATHS = (
					"$(inherited)",
					"$(PROJECT_DIR)/Pods/build/Release-iphoneos",
				);
				PRODUCT_NAME = "$(TARGET_NAME)";
				PROVISIONING_PROFILE = "239EF3FB-F4D6-4179-9B86-C2F50B321EB0";
				VALID_ARCHS = "armv7 armv7s";
				WRAPPER_EXTENSION = app;
			};
			name = Debug;
		};
		8B04EEF3190614C500E43B21 /* Release */ = {
			isa = XCBuildConfiguration;
			baseConfigurationReference = 52753F9BD37C487FB01ED33D /* Pods.xcconfig */;
			buildSettings = {
				ARCHS = (
					armv7s,
					armv7,
				);
				ASSETCATALOG_COMPILER_APPICON_NAME = AppIcon;
				ASSETCATALOG_COMPILER_LAUNCHIMAGE_NAME = LaunchImage;
				CODE_SIGN_IDENTITY = "iPhone Distribution: Rinat Enikeev (5V5EUT3ZXJ)";
				GCC_PRECOMPILE_PREFIX_HEADER = YES;
				GCC_PREFIX_HEADER = "MostFrequentCharacterDemo/MostFrequentCharacterDemo-Prefix.pch";
				HEADER_SEARCH_PATHS = (
					"$(inherited)",
					/Applications/Xcode.app/Contents/Developer/Toolchains/XcodeDefault.xctoolchain/usr/include,
					../,
				);
				INFOPLIST_FILE = "MostFrequentCharacterDemo/MostFrequentCharacterDemo-Info.plist";
				IPHONEOS_DEPLOYMENT_TARGET = 5.1;
				LIBRARY_SEARCH_PATHS = (
					"$(inherited)",
					"$(PROJECT_DIR)/Pods/build/Release-iphoneos",
				);
				PRODUCT_NAME = "$(TARGET_NAME)";
				PROVISIONING_PROFILE = "7F93AA56-D860-40C4-9B9E-89ECD53E0ACF";
				VALID_ARCHS = "armv7 armv7s";
				WRAPPER_EXTENSION = app;
			};
			name = Release;
		};
		8B04EEF5190614C500E43B21 /* Debug */ = {
			isa = XCBuildConfiguration;
			buildSettings = {
				BUNDLE_LOADER = "$(BUILT_PRODUCTS_DIR)/MostFrequentCharacterDemo.app/MostFrequentCharacterDemo";
				FRAMEWORK_SEARCH_PATHS = (
					"$(SDKROOT)/Developer/Library/Frameworks",
					"$(inherited)",
					"$(DEVELOPER_FRAMEWORKS_DIR)",
				);
				GCC_PRECOMPILE_PREFIX_HEADER = YES;
				GCC_PREFIX_HEADER = "MostFrequentCharacterDemo/MostFrequentCharacterDemo-Prefix.pch";
				GCC_PREPROCESSOR_DEFINITIONS = (
					"DEBUG=1",
					"$(inherited)",
				);
				HEADER_SEARCH_PATHS = (
					"$(inherited)",
					/Applications/Xcode.app/Contents/Developer/Toolchains/XcodeDefault.xctoolchain/usr/include,
					../,
				);
				INFOPLIST_FILE = "MostFrequentCharacterDemoTests/MostFrequentCharacterDemoTests-Info.plist";
				PRODUCT_NAME = "$(TARGET_NAME)";
				TEST_HOST = "$(BUNDLE_LOADER)";
				WRAPPER_EXTENSION = xctest;
			};
			name = Debug;
		};
		8B04EEF6190614C500E43B21 /* Release */ = {
			isa = XCBuildConfiguration;
			buildSettings = {
				BUNDLE_LOADER = "$(BUILT_PRODUCTS_DIR)/MostFrequentCharacterDemo.app/MostFrequentCharacterDemo";
				FRAMEWORK_SEARCH_PATHS = (
					"$(SDKROOT)/Developer/Library/Frameworks",
					"$(inherited)",
					"$(DEVELOPER_FRAMEWORKS_DIR)",
				);
				GCC_PRECOMPILE_PREFIX_HEADER = YES;
				GCC_PREFIX_HEADER = "MostFrequentCharacterDemo/MostFrequentCharacterDemo-Prefix.pch";
				HEADER_SEARCH_PATHS = (
					"$(inherited)",
					/Applications/Xcode.app/Contents/Developer/Toolchains/XcodeDefault.xctoolchain/usr/include,
					../,
				);
				INFOPLIST_FILE = "MostFrequentCharacterDemoTests/MostFrequentCharacterDemoTests-Info.plist";
				PRODUCT_NAME = "$(TARGET_NAME)";
				TEST_HOST = "$(BUNDLE_LOADER)";
				WRAPPER_EXTENSION = xctest;
			};
			name = Release;
		};
/* End XCBuildConfiguration section */

/* Begin XCConfigurationList section */
		8B04EEB7190614C500E43B21 /* Build configuration list for PBXProject "MostFrequentCharacterDemo" */ = {
			isa = XCConfigurationList;
			buildConfigurations = (
				8B04EEEF190614C500E43B21 /* Debug */,
				8B04EEF0190614C500E43B21 /* Release */,
			);
			defaultConfigurationIsVisible = 0;
			defaultConfigurationName = Release;
		};
		8B04EEF1190614C500E43B21 /* Build configuration list for PBXNativeTarget "MostFrequentCharacterDemo" */ = {
			isa = XCConfigurationList;
			buildConfigurations = (
				8B04EEF2190614C500E43B21 /* Debug */,
				8B04EEF3190614C500E43B21 /* Release */,
			);
			defaultConfigurationIsVisible = 0;
			defaultConfigurationName = Release;
		};
		8B04EEF4190614C500E43B21 /* Build configuration list for PBXNativeTarget "MostFrequentCharacterDemoTests" */ = {
			isa = XCConfigurationList;
			buildConfigurations = (
				8B04EEF5190614C500E43B21 /* Debug */,
				8B04EEF6190614C500E43B21 /* Release */,
			);
			defaultConfigurationIsVisible = 0;
			defaultConfigurationName = Release;
		};
/* End XCConfigurationList section */
	};
	rootObject = 8B04EEB4190614C500E43B21 /* Project object */;
}
